
Microsoft Visual Studio Solution File, Format Version 12.00
# Visual Studio 15
VisualStudioVersion = 15.0.27703.2035
MinimumVisualStudioVersion = 10.0.40219.1
Project("{FAE04EC0-301F-11D3-BF4B-00C04F79EFBC}") = "Oracle", "Oracle\Oracle.csproj", "{C2F552BC-595A-4432-91A7-91A8A06770B6}"
EndProject
Global
	GlobalSection(SolutionConfigurationPlatforms) = preSolution
		Debug|Any CPU = Debug|Any CPU
		Release|Any CPU = Release|Any CPU
	EndGlobalSection
	GlobalSection(ProjectConfigurationPlatforms) = postSolution
		{C2F552BC-595A-4432-91A7-91A8A06770B6}.Debug|Any CPU.ActiveCfg = Debug|Any CPU
		{C2F552BC-595A-4432-91A7-91A8A06770B6}.Debug|Any CPU.Build.0 = Debug|Any CPU
		{C2F552BC-595A-4432-91A7-91A8A06770B6}.Release|Any CPU.ActiveCfg = Release|Any CPU
		{C2F552BC-595A-4432-91A7-91A8A06770B6}.Release|Any CPU.Build.0 = Release|Any CPU
	EndGlobalSection
	GlobalSection(SolutionProperties) = preSolution
		HideSolutionNode = FALSE
	EndGlobalSection
	GlobalSection(ExtensibilityGlobals) = postSolution
		SolutionGuid = {D66A4764-8B84-43D7-9995-1C7ACE82F3AD}
	EndGlobalSection
EndGlobal
